
Microsoft Visual Studio Solution File, Format Version 12.00
# Visual Studio Version 17
VisualStudioVersion = 17.9.34902.65
MinimumVisualStudioVersion = 10.0.40219.1
Project("{FAE04EC0-301F-11D3-BF4B-00C04F79EFBC}") = "dotnetcore", "dotnetcore\dotnetcore.csproj", "{772BBAE7-2DCC-466D-BF58-7031202E7539}"
EndProject
Global
	GlobalSection(SolutionConfigurationPlatforms) = preSolution
		Debug|Any CPU = Debug|Any CPU
		Release|Any CPU = Release|Any CPU
	EndGlobalSection
	GlobalSection(ProjectConfigurationPlatforms) = postSolution
		{772BBAE7-2DCC-466D-BF58-7031202E7539}.Debug|Any CPU.ActiveCfg = Debug|Any CPU
		{772BBAE7-2DCC-466D-BF58-7031202E7539}.Debug|Any CPU.Build.0 = Debug|Any CPU
		{772BBAE7-2DCC-466D-BF58-7031202E7539}.Release|Any CPU.ActiveCfg = Release|Any CPU
		{772BBAE7-2DCC-466D-BF58-7031202E7539}.Release|Any CPU.Build.0 = Release|Any CPU
	EndGlobalSection
	GlobalSection(SolutionProperties) = preSolution
		HideSolutionNode = FALSE
	EndGlobalSection
	GlobalSection(ExtensibilityGlobals) = postSolution
		SolutionGuid = {842D3296-5139-4750-8FB2-5C6A9EE477E2}
	EndGlobalSection
EndGlobal
